
Microsoft Visual Studio Solution File, Format Version 12.00
# Visual Studio Version 17
VisualStudioVersion = 17.2.32616.157
MinimumVisualStudioVersion = 10.0.40219.1
Project("{E53339B2-1760-4266-BCC7-CA923CBCF16C}") = "docker-compose", "docker-compose.dcproj", "{AB357171-FC34-400C-8E35-42FF8030C86B}"
EndProject
Project("{9A19103F-16F7-4668-BE54-9A1E7A4F7556}") = "SharedLibrary", "SharedLibrary\SharedLibrary.csproj", "{601B9817-C92E-44BF-A606-536602A75B77}"
EndProject
Project("{FAE04EC0-301F-11D3-BF4B-00C04F79EFBC}") = "Cleaner", "Cleaner\Cleaner.csproj", "{4CB6B824-7AB0-475E-BA36-1575F7D38BBE}"
EndProject
Global
	GlobalSection(SolutionConfigurationPlatforms) = preSolution
		Debug|Any CPU = Debug|Any CPU
		Release|Any CPU = Release|Any CPU
	EndGlobalSection
	GlobalSection(ProjectConfigurationPlatforms) = postSolution
		{AB357171-FC34-400C-8E35-42FF8030C86B}.Debug|Any CPU.ActiveCfg = Debug|Any CPU
		{AB357171-FC34-400C-8E35-42FF8030C86B}.Debug|Any CPU.Build.0 = Debug|Any CPU
		{AB357171-FC34-400C-8E35-42FF8030C86B}.Release|Any CPU.ActiveCfg = Release|Any CPU
		{AB357171-FC34-400C-8E35-42FF8030C86B}.Release|Any CPU.Build.0 = Release|Any CPU
		{601B9817-C92E-44BF-A606-536602A75B77}.Debug|Any CPU.ActiveCfg = Debug|Any CPU
		{601B9817-C92E-44BF-A606-536602A75B77}.Debug|Any CPU.Build.0 = Debug|Any CPU
		{601B9817-C92E-44BF-A606-536602A75B77}.Release|Any CPU.ActiveCfg = Release|Any CPU
		{601B9817-C92E-44BF-A606-536602A75B77}.Release|Any CPU.Build.0 = Release|Any CPU
		{4CB6B824-7AB0-475E-BA36-1575F7D38BBE}.Debug|Any CPU.ActiveCfg = Debug|Any CPU
		{4CB6B824-7AB0-475E-BA36-1575F7D38BBE}.Debug|Any CPU.Build.0 = Debug|Any CPU
		{4CB6B824-7AB0-475E-BA36-1575F7D38BBE}.Release|Any CPU.ActiveCfg = Release|Any CPU
		{4CB6B824-7AB0-475E-BA36-1575F7D38BBE}.Release|Any CPU.Build.0 = Release|Any CPU
	EndGlobalSection
	GlobalSection(SolutionProperties) = preSolution
		HideSolutionNode = FALSE
	EndGlobalSection
	GlobalSection(ExtensibilityGlobals) = postSolution
		SolutionGuid = {E953ACE9-918A-493C-B560-3E2267BC6724}
	EndGlobalSection
EndGlobal
